
Microsoft Visual Studio Solution File, Format Version 12.00
# Visual Studio 15
VisualStudioVersion = 15.0.28307.902
MinimumVisualStudioVersion = 10.0.40219.1
Project("{FAE04EC0-301F-11D3-BF4B-00C04F79EFBC}") = "CnMedicineServer", "CnMedicineServer\CnMedicineServer.csproj", "{AA879DE7-4410-4D8D-8DEA-9FF521EB987E}"
EndProject
Project("{2150E333-8FDC-42A3-9474-1A3956D46DE8}") = "资料", "资料", "{8EA24471-ACCE-46C4-B774-65E7A6F16DBE}"
	ProjectSection(SolutionItems) = preProject
		医生经验2019.xlsx = 医生经验2019.xlsx
		数字中医研讨书-7.26(1).pptx = 数字中医研讨书-7.26(1).pptx
		服务器说明.docx = 服务器说明.docx
		睡眠障碍方案1.0.docx = 睡眠障碍方案1.0.docx
		规范数据表.xlsx = 规范数据表.xlsx
		鼻炎方案.docx = 鼻炎方案.docx
	EndProjectSection
EndProject
Project("{FAE04EC0-301F-11D3-BF4B-00C04F79EFBC}") = "HelpTest", "HelpTest\HelpTest.csproj", "{8095336B-2F49-45C6-AE4F-E1F314DBFBD1}"
EndProject
Project("{2150E333-8FDC-42A3-9474-1A3956D46DE8}") = "鼻炎资料", "鼻炎资料", "{98C4C208-15E6-4C61-9FF6-90CFD78E1A17}"
	ProjectSection(SolutionItems) = preProject
		鼻炎资料\规范数据表鼻炎.xlsx = 鼻炎资料\规范数据表鼻炎.xlsx
		鼻炎方案.docx = 鼻炎方案.docx
	EndProjectSection
EndProject
Project("{FAE04EC0-301F-11D3-BF4B-00C04F79EFBC}") = "OwEntityFramework", "OwEntityFramework\OwEntityFramework.csproj", "{02E02B13-EEA4-4C08-AE0C-A4C66DC64233}"
EndProject
Project("{FAE04EC0-301F-11D3-BF4B-00C04F79EFBC}") = "CnMedicineTools", "CnMedicineTools\CnMedicineTools.csproj", "{E2EBCF12-3982-4578-9C50-BAF8F6686CE1}"
EndProject
Global
	GlobalSection(SolutionConfigurationPlatforms) = preSolution
		Debug|Any CPU = Debug|Any CPU
		Release|Any CPU = Release|Any CPU
	EndGlobalSection
	GlobalSection(ProjectConfigurationPlatforms) = postSolution
		{AA879DE7-4410-4D8D-8DEA-9FF521EB987E}.Debug|Any CPU.ActiveCfg = Debug|Any CPU
		{AA879DE7-4410-4D8D-8DEA-9FF521EB987E}.Debug|Any CPU.Build.0 = Debug|Any CPU
		{AA879DE7-4410-4D8D-8DEA-9FF521EB987E}.Release|Any CPU.ActiveCfg = Release|Any CPU
		{AA879DE7-4410-4D8D-8DEA-9FF521EB987E}.Release|Any CPU.Build.0 = Release|Any CPU
		{8095336B-2F49-45C6-AE4F-E1F314DBFBD1}.Debug|Any CPU.ActiveCfg = Debug|Any CPU
		{8095336B-2F49-45C6-AE4F-E1F314DBFBD1}.Debug|Any CPU.Build.0 = Debug|Any CPU
		{8095336B-2F49-45C6-AE4F-E1F314DBFBD1}.Release|Any CPU.ActiveCfg = Release|Any CPU
		{8095336B-2F49-45C6-AE4F-E1F314DBFBD1}.Release|Any CPU.Build.0 = Release|Any CPU
		{02E02B13-EEA4-4C08-AE0C-A4C66DC64233}.Debug|Any CPU.ActiveCfg = Debug|Any CPU
		{02E02B13-EEA4-4C08-AE0C-A4C66DC64233}.Debug|Any CPU.Build.0 = Debug|Any CPU
		{02E02B13-EEA4-4C08-AE0C-A4C66DC64233}.Release|Any CPU.ActiveCfg = Release|Any CPU
		{02E02B13-EEA4-4C08-AE0C-A4C66DC64233}.Release|Any CPU.Build.0 = Release|Any CPU
		{E2EBCF12-3982-4578-9C50-BAF8F6686CE1}.Debug|Any CPU.ActiveCfg = Debug|Any CPU
		{E2EBCF12-3982-4578-9C50-BAF8F6686CE1}.Debug|Any CPU.Build.0 = Debug|Any CPU
		{E2EBCF12-3982-4578-9C50-BAF8F6686CE1}.Release|Any CPU.ActiveCfg = Release|Any CPU
		{E2EBCF12-3982-4578-9C50-BAF8F6686CE1}.Release|Any CPU.Build.0 = Release|Any CPU
	EndGlobalSection
	GlobalSection(SolutionProperties) = preSolution
		HideSolutionNode = FALSE
	EndGlobalSection
	GlobalSection(NestedProjects) = preSolution
		{98C4C208-15E6-4C61-9FF6-90CFD78E1A17} = {8EA24471-ACCE-46C4-B774-65E7A6F16DBE}
	EndGlobalSection
	GlobalSection(ExtensibilityGlobals) = postSolution
		SolutionGuid = {571C9B82-E8CE-499F-BC43-15282B11A499}
	EndGlobalSection
EndGlobal
